version = 1
requires-python = ">=3.11"

[[package]]
name = "findingmodelforge"
version = "0.1.0"
source = { directory = "../findingmodelforge" }

[package.metadata]

[package.metadata.requires-dev]
dev = [
    { name = "mypy", specifier = ">=1.13.0" },
    { name = "ruff", specifier = ">=0.7.2" },
]

[[package]]
name = "fmf-cli"
version = "0.1.0"
source = { virtual = "." }
dependencies = [
    { name = "findingmodelforge" },
]

[package.metadata]
requires-dist = [{ name = "findingmodelforge", directory = "../findingmodelforge" }]
